
Microsoft Visual Studio Solution File, Format Version 12.00
# Visual Studio Version 17
VisualStudioVersion = 17.4.33122.133
MinimumVisualStudioVersion = 10.0.40219.1
Project("{FAE04EC0-301F-11D3-BF4B-00C04F79EFBC}") = "020101039", "020101039\020101039.csproj", "{9E99686E-B8D7-46A9-9FCC-CB8531D063DE}"
EndProject
Global
	GlobalSection(SolutionConfigurationPlatforms) = preSolution
		Debug|Any CPU = Debug|Any CPU
		Release|Any CPU = Release|Any CPU
	EndGlobalSection
	GlobalSection(ProjectConfigurationPlatforms) = postSolution
		{9E99686E-B8D7-46A9-9FCC-CB8531D063DE}.Debug|Any CPU.ActiveCfg = Debug|Any CPU
		{9E99686E-B8D7-46A9-9FCC-CB8531D063DE}.Debug|Any CPU.Build.0 = Debug|Any CPU
		{9E99686E-B8D7-46A9-9FCC-CB8531D063DE}.Release|Any CPU.ActiveCfg = Release|Any CPU
		{9E99686E-B8D7-46A9-9FCC-CB8531D063DE}.Release|Any CPU.Build.0 = Release|Any CPU
	EndGlobalSection
	GlobalSection(SolutionProperties) = preSolution
		HideSolutionNode = FALSE
	EndGlobalSection
	GlobalSection(ExtensibilityGlobals) = postSolution
		SolutionGuid = {628B03B7-970B-40F4-A326-2A93CA1A8631}
	EndGlobalSection
EndGlobal
